
Microsoft Visual Studio Solution File, Format Version 12.00
# Visual Studio Version 16
VisualStudioVersion = 16.0.30204.135
MinimumVisualStudioVersion = 10.0.40219.1
Project("{FAE04EC0-301F-11D3-BF4B-00C04F79EFBC}") = "Sum of 2 num", "Sum of 2 num\Sum of 2 num.csproj", "{3AAEF699-E751-461F-99B1-8752BD562A23}"
EndProject
Global
	GlobalSection(SolutionConfigurationPlatforms) = preSolution
		Debug|Any CPU = Debug|Any CPU
		Release|Any CPU = Release|Any CPU
	EndGlobalSection
	GlobalSection(ProjectConfigurationPlatforms) = postSolution
		{3AAEF699-E751-461F-99B1-8752BD562A23}.Debug|Any CPU.ActiveCfg = Debug|Any CPU
		{3AAEF699-E751-461F-99B1-8752BD562A23}.Debug|Any CPU.Build.0 = Debug|Any CPU
		{3AAEF699-E751-461F-99B1-8752BD562A23}.Release|Any CPU.ActiveCfg = Release|Any CPU
		{3AAEF699-E751-461F-99B1-8752BD562A23}.Release|Any CPU.Build.0 = Release|Any CPU
	EndGlobalSection
	GlobalSection(SolutionProperties) = preSolution
		HideSolutionNode = FALSE
	EndGlobalSection
	GlobalSection(ExtensibilityGlobals) = postSolution
		SolutionGuid = {BBA7285E-9663-4697-B344-C28F65DADD52}
	EndGlobalSection
EndGlobal
